
Microsoft Visual Studio Solution File, Format Version 12.00
# Visual Studio Version 17
VisualStudioVersion = 17.4.33213.308
MinimumVisualStudioVersion = 10.0.40219.1
Project("{9A19103F-16F7-4668-BE54-9A1E7A4F7556}") = "Entities", "Entities\Entities.csproj", "{D39EC3E6-FA49-494D-97D7-69EFABA928B3}"
EndProject
Project("{9A19103F-16F7-4668-BE54-9A1E7A4F7556}") = "DataAccess", "DataAccess\DataAccess.csproj", "{1E4BA597-BE03-45FD-86F3-16840AAA7C48}"
EndProject
Project("{9A19103F-16F7-4668-BE54-9A1E7A4F7556}") = "Business", "Business\Business.csproj", "{B9A8F14C-E285-479E-93BD-CE16B4B65746}"
EndProject
Project("{9A19103F-16F7-4668-BE54-9A1E7A4F7556}") = "ProjectUI", "ProjectUI\ProjectUI.csproj", "{0A3CB780-69B7-48AB-B952-85255EC13273}"
EndProject
Project("{FAE04EC0-301F-11D3-BF4B-00C04F79EFBC}") = "Core", "Core\Core.csproj", "{0D886EB0-FCF0-4451-8FC9-4449E0233E63}"
EndProject
Global
	GlobalSection(SolutionConfigurationPlatforms) = preSolution
		Debug|Any CPU = Debug|Any CPU
		Release|Any CPU = Release|Any CPU
	EndGlobalSection
	GlobalSection(ProjectConfigurationPlatforms) = postSolution
		{D39EC3E6-FA49-494D-97D7-69EFABA928B3}.Debug|Any CPU.ActiveCfg = Debug|Any CPU
		{D39EC3E6-FA49-494D-97D7-69EFABA928B3}.Debug|Any CPU.Build.0 = Debug|Any CPU
		{D39EC3E6-FA49-494D-97D7-69EFABA928B3}.Release|Any CPU.ActiveCfg = Release|Any CPU
		{D39EC3E6-FA49-494D-97D7-69EFABA928B3}.Release|Any CPU.Build.0 = Release|Any CPU
		{1E4BA597-BE03-45FD-86F3-16840AAA7C48}.Debug|Any CPU.ActiveCfg = Debug|Any CPU
		{1E4BA597-BE03-45FD-86F3-16840AAA7C48}.Debug|Any CPU.Build.0 = Debug|Any CPU
		{1E4BA597-BE03-45FD-86F3-16840AAA7C48}.Release|Any CPU.ActiveCfg = Release|Any CPU
		{1E4BA597-BE03-45FD-86F3-16840AAA7C48}.Release|Any CPU.Build.0 = Release|Any CPU
		{B9A8F14C-E285-479E-93BD-CE16B4B65746}.Debug|Any CPU.ActiveCfg = Debug|Any CPU
		{B9A8F14C-E285-479E-93BD-CE16B4B65746}.Debug|Any CPU.Build.0 = Debug|Any CPU
		{B9A8F14C-E285-479E-93BD-CE16B4B65746}.Release|Any CPU.ActiveCfg = Release|Any CPU
		{B9A8F14C-E285-479E-93BD-CE16B4B65746}.Release|Any CPU.Build.0 = Release|Any CPU
		{0A3CB780-69B7-48AB-B952-85255EC13273}.Debug|Any CPU.ActiveCfg = Debug|Any CPU
		{0A3CB780-69B7-48AB-B952-85255EC13273}.Debug|Any CPU.Build.0 = Debug|Any CPU
		{0A3CB780-69B7-48AB-B952-85255EC13273}.Release|Any CPU.ActiveCfg = Release|Any CPU
		{0A3CB780-69B7-48AB-B952-85255EC13273}.Release|Any CPU.Build.0 = Release|Any CPU
		{0D886EB0-FCF0-4451-8FC9-4449E0233E63}.Debug|Any CPU.ActiveCfg = Debug|Any CPU
		{0D886EB0-FCF0-4451-8FC9-4449E0233E63}.Debug|Any CPU.Build.0 = Debug|Any CPU
		{0D886EB0-FCF0-4451-8FC9-4449E0233E63}.Release|Any CPU.ActiveCfg = Release|Any CPU
		{0D886EB0-FCF0-4451-8FC9-4449E0233E63}.Release|Any CPU.Build.0 = Release|Any CPU
	EndGlobalSection
	GlobalSection(SolutionProperties) = preSolution
		HideSolutionNode = FALSE
	EndGlobalSection
	GlobalSection(ExtensibilityGlobals) = postSolution
		SolutionGuid = {34F37BEE-10FC-438F-B517-D9471EAAE416}
	EndGlobalSection
EndGlobal
